// !$*UTF8*$!
{
	archiveVersion = 1;
	classes = {
	};
	objectVersion = 56;
	objects = {

/* Begin PBXBuildFile section */
		46A0AF112A383E5500AA7C88 /* dramatic_rehabApp.swift in Sources */ = {isa = PBXBuildFile; fileRef = 46A0AF102A383E5500AA7C88 /* dramatic_rehabApp.swift */; };
		46A0AF132A383E5500AA7C88 /* ContentView.swift in Sources */ = {isa = PBXBuildFile; fileRef = 46A0AF122A383E5500AA7C88 /* ContentView.swift */; };
		46A0AF152A383E5600AA7C88 /* Assets.xcassets in Resources */ = {isa = PBXBuildFile; fileRef = 46A0AF142A383E5600AA7C88 /* Assets.xcassets */; };
		46A0AF182A383E5600AA7C88 /* Preview Assets.xcassets in Resources */ = {isa = PBXBuildFile; fileRef = 46A0AF172A383E5600AA7C88 /* Preview Assets.xcassets */; };
		46A0AF222A383E5600AA7C88 /* dramatic_rehabTests.swift in Sources */ = {isa = PBXBuildFile; fileRef = 46A0AF212A383E5600AA7C88 /* dramatic_rehabTests.swift */; };
		46A0AF2C2A383E5600AA7C88 /* dramatic_rehabUITests.swift in Sources */ = {isa = PBXBuildFile; fileRef = 46A0AF2B2A383E5600AA7C88 /* dramatic_rehabUITests.swift */; };
		46A0AF2E2A383E5600AA7C88 /* dramatic_rehabUITestsLaunchTests.swift in Sources */ = {isa = PBXBuildFile; fileRef = 46A0AF2D2A383E5600AA7C88 /* dramatic_rehabUITestsLaunchTests.swift */; };
/* End PBXBuildFile section */

/* Begin PBXContainerItemProxy section */
		46A0AF1E2A383E5600AA7C88 /* PBXContainerItemProxy */ = {
			isa = PBXContainerItemProxy;
			containerPortal = 46A0AF052A383E5500AA7C88 /* Project object */;
			proxyType = 1;
			remoteGlobalIDString = 46A0AF0C2A383E5500AA7C88;
			remoteInfo = "dramatic rehab";
		};
		46A0AF282A383E5600AA7C88 /* PBXContainerItemProxy */ = {
			isa = PBXContainerItemProxy;
			containerPortal = 46A0AF052A383E5500AA7C88 /* Project object */;
			proxyType = 1;
			remoteGlobalIDString = 46A0AF0C2A383E5500AA7C88;
			remoteInfo = "dramatic rehab";
		};
/* End PBXContainerItemProxy section */

/* Begin PBXFileReference section */
		46A0AF0D2A383E5500AA7C88 /* dramatic rehab.app */ = {isa = PBXFileReference; explicitFileType = wrapper.application; includeInIndex = 0; path = "dramatic rehab.app"; sourceTree = BUILT_PRODUCTS_DIR; };
		46A0AF102A383E5500AA7C88 /* dramatic_rehabApp.swift */ = {isa = PBXFileReference; lastKnownFileType = sourcecode.swift; path = dramatic_rehabApp.swift; sourceTree = "<group>"; };
		46A0AF122A383E5500AA7C88 /* ContentView.swift */ = {isa = PBXFileReference; lastKnownFileType = sourcecode.swift; path = ContentView.swift; sourceTree = "<group>"; };
		46A0AF142A383E5600AA7C88 /* Assets.xcassets */ = {isa = PBXFileReference; lastKnownFileType = folder.assetcatalog; path = Assets.xcassets; sourceTree = "<group>"; };
		46A0AF172A383E5600AA7C88 /* Preview Assets.xcassets */ = {isa = PBXFileReference; lastKnownFileType = folder.assetcatalog; path = "Preview Assets.xcassets"; sourceTree = "<group>"; };
		46A0AF1D2A383E5600AA7C88 /* dramatic rehabTests.xctest */ = {isa = PBXFileReference; explicitFileType = wrapper.cfbundle; includeInIndex = 0; path = "dramatic rehabTests.xctest"; sourceTree = BUILT_PRODUCTS_DIR; };
		46A0AF212A383E5600AA7C88 /* dramatic_rehabTests.swift */ = {isa = PBXFileReference; lastKnownFileType = sourcecode.swift; path = dramatic_rehabTests.swift; sourceTree = "<group>"; };
		46A0AF272A383E5600AA7C88 /* dramatic rehabUITests.xctest */ = {isa = PBXFileReference; explicitFileType = wrapper.cfbundle; includeInIndex = 0; path = "dramatic rehabUITests.xctest"; sourceTree = BUILT_PRODUCTS_DIR; };
		46A0AF2B2A383E5600AA7C88 /* dramatic_rehabUITests.swift */ = {isa = PBXFileReference; lastKnownFileType = sourcecode.swift; path = dramatic_rehabUITests.swift; sourceTree = "<group>"; };
		46A0AF2D2A383E5600AA7C88 /* dramatic_rehabUITestsLaunchTests.swift */ = {isa = PBXFileReference; lastKnownFileType = sourcecode.swift; path = dramatic_rehabUITestsLaunchTests.swift; sourceTree = "<group>"; };
/* End PBXFileReference section */

/* Begin PBXFrameworksBuildPhase section */
		46A0AF0A2A383E5500AA7C88 /* Frameworks */ = {
			isa = PBXFrameworksBuildPhase;
			buildActionMask = 2147483647;
			files = (
			);
			runOnlyForDeploymentPostprocessing = 0;
		};
		46A0AF1A2A383E5600AA7C88 /* Frameworks */ = {
			isa = PBXFrameworksBuildPhase;
			buildActionMask = 2147483647;
			files = (
			);
			runOnlyForDeploymentPostprocessing = 0;
		};
		46A0AF242A383E5600AA7C88 /* Frameworks */ = {
			isa = PBXFrameworksBuildPhase;
			buildActionMask = 2147483647;
			files = (
			);
			runOnlyForDeploymentPostprocessing = 0;
		};
/* End PBXFrameworksBuildPhase section */

/* Begin PBXGroup section */
		46A0AF042A383E5500AA7C88 = {
			isa = PBXGroup;
			children = (
				46A0AF0F2A383E5500AA7C88 /* dramatic rehab */,
				46A0AF202A383E5600AA7C88 /* dramatic rehabTests */,
				46A0AF2A2A383E5600AA7C88 /* dramatic rehabUITests */,
				46A0AF0E2A383E5500AA7C88 /* Products */,
			);
			sourceTree = "<group>";
		};
		46A0AF0E2A383E5500AA7C88 /* Products */ = {
			isa = PBXGroup;
			children = (
				46A0AF0D2A383E5500AA7C88 /* dramatic rehab.app */,
				46A0AF1D2A383E5600AA7C88 /* dramatic rehabTests.xctest */,
				46A0AF272A383E5600AA7C88 /* dramatic rehabUITests.xctest */,
			);
			name = Products;
			sourceTree = "<group>";
		};
		46A0AF0F2A383E5500AA7C88 /* dramatic rehab */ = {
			isa = PBXGroup;
			children = (
				46A0AF102A383E5500AA7C88 /* dramatic_rehabApp.swift */,
				46A0AF122A383E5500AA7C88 /* ContentView.swift */,
				46A0AF142A383E5600AA7C88 /* Assets.xcassets */,
				46A0AF162A383E5600AA7C88 /* Preview Content */,
			);
			path = "dramatic rehab";
			sourceTree = "<group>";
		};
		46A0AF162A383E5600AA7C88 /* Preview Content */ = {
			isa = PBXGroup;
			children = (
				46A0AF172A383E5600AA7C88 /* Preview Assets.xcassets */,
			);
			path = "Preview Content";
			sourceTree = "<group>";
		};
		46A0AF202A383E5600AA7C88 /* dramatic rehabTests */ = {
			isa = PBXGroup;
			children = (
				46A0AF212A383E5600AA7C88 /* dramatic_rehabTests.swift */,
			);
			path = "dramatic rehabTests";
			sourceTree = "<group>";
		};
		46A0AF2A2A383E5600AA7C88 /* dramatic rehabUITests */ = {
			isa = PBXGroup;
			children = (
				46A0AF2B2A383E5600AA7C88 /* dramatic_rehabUITests.swift */,
				46A0AF2D2A383E5600AA7C88 /* dramatic_rehabUITestsLaunchTests.swift */,
			);
			path = "dramatic rehabUITests";
			sourceTree = "<group>";
		};
/* End PBXGroup section */

/* Begin PBXNativeTarget section */
		46A0AF0C2A383E5500AA7C88 /* dramatic rehab */ = {
			isa = PBXNativeTarget;
			buildConfigurationList = 46A0AF312A383E5600AA7C88 /* Build configuration list for PBXNativeTarget "dramatic rehab" */;
			buildPhases = (
				46A0AF092A383E5500AA7C88 /* Sources */,
				46A0AF0A2A383E5500AA7C88 /* Frameworks */,
				46A0AF0B2A383E5500AA7C88 /* Resources */,
			);
			buildRules = (
			);
			dependencies = (
			);
			name = "dramatic rehab";
			productName = "dramatic rehab";
			productReference = 46A0AF0D2A383E5500AA7C88 /* dramatic rehab.app */;
			productType = "com.apple.product-type.application";
		};
		46A0AF1C2A383E5600AA7C88 /* dramatic rehabTests */ = {
			isa = PBXNativeTarget;
			buildConfigurationList = 46A0AF342A383E5600AA7C88 /* Build configuration list for PBXNativeTarget "dramatic rehabTests" */;
			buildPhases = (
				46A0AF192A383E5600AA7C88 /* Sources */,
				46A0AF1A2A383E5600AA7C88 /* Frameworks */,
				46A0AF1B2A383E5600AA7C88 /* Resources */,
			);
			buildRules = (
			);
			dependencies = (
				46A0AF1F2A383E5600AA7C88 /* PBXTargetDependency */,
			);
			name = "dramatic rehabTests";
			productName = "dramatic rehabTests";
			productReference = 46A0AF1D2A383E5600AA7C88 /* dramatic rehabTests.xctest */;
			productType = "com.apple.product-type.bundle.unit-test";
		};
		46A0AF262A383E5600AA7C88 /* dramatic rehabUITests */ = {
			isa = PBXNativeTarget;
			buildConfigurationList = 46A0AF372A383E5600AA7C88 /* Build configuration list for PBXNativeTarget "dramatic rehabUITests" */;
			buildPhases = (
				46A0AF232A383E5600AA7C88 /* Sources */,
				46A0AF242A383E5600AA7C88 /* Frameworks */,
				46A0AF252A383E5600AA7C88 /* Resources */,
			);
			buildRules = (
			);
			dependencies = (
				46A0AF292A383E5600AA7C88 /* PBXTargetDependency */,
			);
			name = "dramatic rehabUITests";
			productName = "dramatic rehabUITests";
			productReference = 46A0AF272A383E5600AA7C88 /* dramatic rehabUITests.xctest */;
			productType = "com.apple.product-type.bundle.ui-testing";
		};
/* End PBXNativeTarget section */

/* Begin PBXProject section */
		46A0AF052A383E5500AA7C88 /* Project object */ = {
			isa = PBXProject;
			attributes = {
				BuildIndependentTargetsInParallel = 1;
				LastSwiftUpdateCheck = 1430;
				LastUpgradeCheck = 1430;
				TargetAttributes = {
					46A0AF0C2A383E5500AA7C88 = {
						CreatedOnToolsVersion = 14.3.1;
					};
					46A0AF1C2A383E5600AA7C88 = {
						CreatedOnToolsVersion = 14.3.1;
						TestTargetID = 46A0AF0C2A383E5500AA7C88;
					};
					46A0AF262A383E5600AA7C88 = {
						CreatedOnToolsVersion = 14.3.1;
						TestTargetID = 46A0AF0C2A383E5500AA7C88;
					};
				};
			};
			buildConfigurationList = 46A0AF082A383E5500AA7C88 /* Build configuration list for PBXProject "dramatic rehab" */;
			compatibilityVersion = "Xcode 14.0";
			developmentRegion = en;
			hasScannedForEncodings = 0;
			knownRegions = (
				en,
				Base,
			);
			mainGroup = 46A0AF042A383E5500AA7C88;
			productRefGroup = 46A0AF0E2A383E5500AA7C88 /* Products */;
			projectDirPath = "";
			projectRoot = "";
			targets = (
				46A0AF0C2A383E5500AA7C88 /* dramatic rehab */,
				46A0AF1C2A383E5600AA7C88 /* dramatic rehabTests */,
				46A0AF262A383E5600AA7C88 /* dramatic rehabUITests */,
			);
		};
/* End PBXProject section */

/* Begin PBXResourcesBuildPhase section */
		46A0AF0B2A383E5500AA7C88 /* Resources */ = {
			isa = PBXResourcesBuildPhase;
			buildActionMask = 2147483647;
			files = (
				46A0AF182A383E5600AA7C88 /* Preview Assets.xcassets in Resources */,
				46A0AF152A383E5600AA7C88 /* Assets.xcassets in Resources */,
			);
			runOnlyForDeploymentPostprocessing = 0;
		};
		46A0AF1B2A383E5600AA7C88 /* Resources */ = {
			isa = PBXResourcesBuildPhase;
			buildActionMask = 2147483647;
			files = (
			);
			runOnlyForDeploymentPostprocessing = 0;
		};
		46A0AF252A383E5600AA7C88 /* Resources */ = {
			isa = PBXResourcesBuildPhase;
			buildActionMask = 2147483647;
			files = (
			);
			runOnlyForDeploymentPostprocessing = 0;
		};
/* End PBXResourcesBuildPhase section */

/* Begin PBXSourcesBuildPhase section */
		46A0AF092A383E5500AA7C88 /* Sources */ = {
			isa = PBXSourcesBuildPhase;
			buildActionMask = 2147483647;
			files = (
				46A0AF132A383E5500AA7C88 /* ContentView.swift in Sources */,
				46A0AF112A383E5500AA7C88 /* dramatic_rehabApp.swift in Sources */,
			);
			runOnlyForDeploymentPostprocessing = 0;
		};
		46A0AF192A383E5600AA7C88 /* Sources */ = {
			isa = PBXSourcesBuildPhase;
			buildActionMask = 2147483647;
			files = (
				46A0AF222A383E5600AA7C88 /* dramatic_rehabTests.swift in Sources */,
			);
			runOnlyForDeploymentPostprocessing = 0;
		};
		46A0AF232A383E5600AA7C88 /* Sources */ = {
			isa = PBXSourcesBuildPhase;
			buildActionMask = 2147483647;
			files = (
				46A0AF2E2A383E5600AA7C88 /* dramatic_rehabUITestsLaunchTests.swift in Sources */,
				46A0AF2C2A383E5600AA7C88 /* dramatic_rehabUITests.swift in Sources */,
			);
			runOnlyForDeploymentPostprocessing = 0;
		};
/* End PBXSourcesBuildPhase section */

/* Begin PBXTargetDependency section */
		46A0AF1F2A383E5600AA7C88 /* PBXTargetDependency */ = {
			isa = PBXTargetDependency;
			target = 46A0AF0C2A383E5500AA7C88 /* dramatic rehab */;
			targetProxy = 46A0AF1E2A383E5600AA7C88 /* PBXContainerItemProxy */;
		};
		46A0AF292A383E5600AA7C88 /* PBXTargetDependency */ = {
			isa = PBXTargetDependency;
			target = 46A0AF0C2A383E5500AA7C88 /* dramatic rehab */;
			targetProxy = 46A0AF282A383E5600AA7C88 /* PBXContainerItemProxy */;
		};
/* End PBXTargetDependency section */

/* Begin XCBuildConfiguration section */
		46A0AF2F2A383E5600AA7C88 /* Debug */ = {
			isa = XCBuildConfiguration;
			buildSettings = {
				ALWAYS_SEARCH_USER_PATHS = NO;
				CLANG_ANALYZER_NONNULL = YES;
				CLANG_ANALYZER_NUMBER_OBJECT_CONVERSION = YES_AGGRESSIVE;
				CLANG_CXX_LANGUAGE_STANDARD = "gnu++20";
				CLANG_ENABLE_MODULES = YES;
				CLANG_ENABLE_OBJC_ARC = YES;
				CLANG_ENABLE_OBJC_WEAK = YES;
				CLANG_WARN_BLOCK_CAPTURE_AUTORELEASING = YES;
				CLANG_WARN_BOOL_CONVERSION = YES;
				CLANG_WARN_COMMA = YES;
				CLANG_WARN_CONSTANT_CONVERSION = YES;
				CLANG_WARN_DEPRECATED_OBJC_IMPLEMENTATIONS = YES;
				CLANG_WARN_DIRECT_OBJC_ISA_USAGE = YES_ERROR;
				CLANG_WARN_DOCUMENTATION_COMMENTS = YES;
				CLANG_WARN_EMPTY_BODY = YES;
				CLANG_WARN_ENUM_CONVERSION = YES;
				CLANG_WARN_INFINITE_RECURSION = YES;
				CLANG_WARN_INT_CONVERSION = YES;
				CLANG_WARN_NON_LITERAL_NULL_CONVERSION = YES;
				CLANG_WARN_OBJC_IMPLICIT_RETAIN_SELF = YES;
				CLANG_WARN_OBJC_LITERAL_CONVERSION = YES;
				CLANG_WARN_OBJC_ROOT_CLASS = YES_ERROR;
				CLANG_WARN_QUOTED_INCLUDE_IN_FRAMEWORK_HEADER = YES;
				CLANG_WARN_RANGE_LOOP_ANALYSIS = YES;
				CLANG_WARN_STRICT_PROTOTYPES = YES;
				CLANG_WARN_SUSPICIOUS_MOVE = YES;
				CLANG_WARN_UNGUARDED_AVAILABILITY = YES_AGGRESSIVE;
				CLANG_WARN_UNREACHABLE_CODE = YES;
				CLANG_WARN__DUPLICATE_METHOD_MATCH = YES;
				COPY_PHASE_STRIP = NO;
				DEBUG_INFORMATION_FORMAT = dwarf;
				ENABLE_STRICT_OBJC_MSGSEND = YES;
				ENABLE_TESTABILITY = YES;
				GCC_C_LANGUAGE_STANDARD = gnu11;
				GCC_DYNAMIC_NO_PIC = NO;
				GCC_NO_COMMON_BLOCKS = YES;
				GCC_OPTIMIZATION_LEVEL = 0;
				GCC_PREPROCESSOR_DEFINITIONS = (
					"DEBUG=1",
					"$(inherited)",
				);
				GCC_WARN_64_TO_32_BIT_CONVERSION = YES;
				GCC_WARN_ABOUT_RETURN_TYPE = YES_ERROR;
				GCC_WARN_UNDECLARED_SELECTOR = YES;
				GCC_WARN_UNINITIALIZED_AUTOS = YES_AGGRESSIVE;
				GCC_WARN_UNUSED_FUNCTION = YES;
				GCC_WARN_UNUSED_VARIABLE = YES;
				IPHONEOS_DEPLOYMENT_TARGET = 16.4;
				MTL_ENABLE_DEBUG_INFO = INCLUDE_SOURCE;
				MTL_FAST_MATH = YES;
				ONLY_ACTIVE_ARCH = YES;
				SDKROOT = iphoneos;
				SWIFT_ACTIVE_COMPILATION_CONDITIONS = DEBUG;
				SWIFT_OPTIMIZATION_LEVEL = "-Onone";
			};
			name = Debug;
		};
		46A0AF302A383E5600AA7C88 /* Release */ = {
			isa = XCBuildConfiguration;
			buildSettings = {
				ALWAYS_SEARCH_USER_PATHS = NO;
				CLANG_ANALYZER_NONNULL = YES;
				CLANG_ANALYZER_NUMBER_OBJECT_CONVERSION = YES_AGGRESSIVE;
				CLANG_CXX_LANGUAGE_STANDARD = "gnu++20";
				CLANG_ENABLE_MODULES = YES;
				CLANG_ENABLE_OBJC_ARC = YES;
				CLANG_ENABLE_OBJC_WEAK = YES;
				CLANG_WARN_BLOCK_CAPTURE_AUTORELEASING = YES;
				CLANG_WARN_BOOL_CONVERSION = YES;
				CLANG_WARN_COMMA = YES;
				CLANG_WARN_CONSTANT_CONVERSION = YES;
				CLANG_WARN_DEPRECATED_OBJC_IMPLEMENTATIONS = YES;
				CLANG_WARN_DIRECT_OBJC_ISA_USAGE = YES_ERROR;
				CLANG_WARN_DOCUMENTATION_COMMENTS = YES;
				CLANG_WARN_EMPTY_BODY = YES;
				CLANG_WARN_ENUM_CONVERSION = YES;
				CLANG_WARN_INFINITE_RECURSION = YES;
				CLANG_WARN_INT_CONVERSION = YES;
				CLANG_WARN_NON_LITERAL_NULL_CONVERSION = YES;
				CLANG_WARN_OBJC_IMPLICIT_RETAIN_SELF = YES;
				CLANG_WARN_OBJC_LITERAL_CONVERSION = YES;
				CLANG_WARN_OBJC_ROOT_CLASS = YES_ERROR;
				CLANG_WARN_QUOTED_INCLUDE_IN_FRAMEWORK_HEADER = YES;
				CLANG_WARN_RANGE_LOOP_ANALYSIS = YES;
				CLANG_WARN_STRICT_PROTOTYPES = YES;
				CLANG_WARN_SUSPICIOUS_MOVE = YES;
				CLANG_WARN_UNGUARDED_AVAILABILITY = YES_AGGRESSIVE;
				CLANG_WARN_UNREACHABLE_CODE = YES;
				CLANG_WARN__DUPLICATE_METHOD_MATCH = YES;
				COPY_PHASE_STRIP = NO;
				DEBUG_INFORMATION_FORMAT = "dwarf-with-dsym";
				ENABLE_NS_ASSERTIONS = NO;
				ENABLE_STRICT_OBJC_MSGSEND = YES;
				GCC_C_LANGUAGE_STANDARD = gnu11;
				GCC_NO_COMMON_BLOCKS = YES;
				GCC_WARN_64_TO_32_BIT_CONVERSION = YES;
				GCC_WARN_ABOUT_RETURN_TYPE = YES_ERROR;
				GCC_WARN_UNDECLARED_SELECTOR = YES;
				GCC_WARN_UNINITIALIZED_AUTOS = YES_AGGRESSIVE;
				GCC_WARN_UNUSED_FUNCTION = YES;
				GCC_WARN_UNUSED_VARIABLE = YES;
				IPHONEOS_DEPLOYMENT_TARGET = 16.4;
				MTL_ENABLE_DEBUG_INFO = NO;
				MTL_FAST_MATH = YES;
				SDKROOT = iphoneos;
				SWIFT_COMPILATION_MODE = wholemodule;
				SWIFT_OPTIMIZATION_LEVEL = "-O";
				VALIDATE_PRODUCT = YES;
			};
			name = Release;
		};
		46A0AF322A383E5600AA7C88 /* Debug */ = {
			isa = XCBuildConfiguration;
			buildSettings = {
				ASSETCATALOG_COMPILER_APPICON_NAME = AppIcon;
				ASSETCATALOG_COMPILER_GLOBAL_ACCENT_COLOR_NAME = AccentColor;
				CODE_SIGN_STYLE = Automatic;
				CURRENT_PROJECT_VERSION = 1;
				DEVELOPMENT_ASSET_PATHS = "\"dramatic rehab/Preview Content\"";
				ENABLE_PREVIEWS = YES;
				GENERATE_INFOPLIST_FILE = YES;
				INFOPLIST_KEY_UIApplicationSceneManifest_Generation = YES;
				INFOPLIST_KEY_UIApplicationSupportsIndirectInputEvents = YES;
				INFOPLIST_KEY_UILaunchScreen_Generation = YES;
				INFOPLIST_KEY_UISupportedInterfaceOrientations_iPad = "UIInterfaceOrientationPortrait UIInterfaceOrientationPortraitUpsideDown UIInterfaceOrientationLandscapeLeft UIInterfaceOrientationLandscapeRight";
				INFOPLIST_KEY_UISupportedInterfaceOrientations_iPhone = "UIInterfaceOrientationPortrait UIInterfaceOrientationLandscapeLeft UIInterfaceOrientationLandscapeRight";
				LD_RUNPATH_SEARCH_PATHS = (
					"$(inherited)",
					"@executable_path/Frameworks",
				);
				MARKETING_VERSION = 1.0;
				PRODUCT_BUNDLE_IDENTIFIER = "jaeminiman.dramatic-rehab";
				PRODUCT_NAME = "$(TARGET_NAME)";
				SWIFT_EMIT_LOC_STRINGS = YES;
				SWIFT_VERSION = 5.0;
				TARGETED_DEVICE_FAMILY = "1,2";
			};
			name = Debug;
		};
		46A0AF332A383E5600AA7C88 /* Release */ = {
			isa = XCBuildConfiguration;
			buildSettings = {
				ASSETCATALOG_COMPILER_APPICON_NAME = AppIcon;
				ASSETCATALOG_COMPILER_GLOBAL_ACCENT_COLOR_NAME = AccentColor;
				CODE_SIGN_STYLE = Automatic;
				CURRENT_PROJECT_VERSION = 1;
				DEVELOPMENT_ASSET_PATHS = "\"dramatic rehab/Preview Content\"";
				ENABLE_PREVIEWS = YES;
				GENERATE_INFOPLIST_FILE = YES;
				INFOPLIST_KEY_UIApplicationSceneManifest_Generation = YES;
				INFOPLIST_KEY_UIApplicationSupportsIndirectInputEvents = YES;
				INFOPLIST_KEY_UILaunchScreen_Generation = YES;
				INFOPLIST_KEY_UISupportedInterfaceOrientations_iPad = "UIInterfaceOrientationPortrait UIInterfaceOrientationPortraitUpsideDown UIInterfaceOrientationLandscapeLeft UIInterfaceOrientationLandscapeRight";
				INFOPLIST_KEY_UISupportedInterfaceOrientations_iPhone = "UIInterfaceOrientationPortrait UIInterfaceOrientationLandscapeLeft UIInterfaceOrientationLandscapeRight";
				LD_RUNPATH_SEARCH_PATHS = (
					"$(inherited)",
					"@executable_path/Frameworks",
				);
				MARKETING_VERSION = 1.0;
				PRODUCT_BUNDLE_IDENTIFIER = "jaeminiman.dramatic-rehab";
				PRODUCT_NAME = "$(TARGET_NAME)";
				SWIFT_EMIT_LOC_STRINGS = YES;
				SWIFT_VERSION = 5.0;
				TARGETED_DEVICE_FAMILY = "1,2";
			};
			name = Release;
		};
		46A0AF352A383E5600AA7C88 /* Debug */ = {
			isa = XCBuildConfiguration;
			buildSettings = {
				ALWAYS_EMBED_SWIFT_STANDARD_LIBRARIES = YES;
				BUNDLE_LOADER = "$(TEST_HOST)";
				CODE_SIGN_STYLE = Automatic;
				CURRENT_PROJECT_VERSION = 1;
				GENERATE_INFOPLIST_FILE = YES;
				IPHONEOS_DEPLOYMENT_TARGET = 16.4;
				MARKETING_VERSION = 1.0;
				PRODUCT_BUNDLE_IDENTIFIER = "jaeminiman.dramatic-rehabTests";
				PRODUCT_NAME = "$(TARGET_NAME)";
				SWIFT_EMIT_LOC_STRINGS = NO;
				SWIFT_VERSION = 5.0;
				TARGETED_DEVICE_FAMILY = "1,2";
				TEST_HOST = "$(BUILT_PRODUCTS_DIR)/dramatic rehab.app/$(BUNDLE_EXECUTABLE_FOLDER_PATH)/dramatic rehab";
			};
			name = Debug;
		};
		46A0AF362A383E5600AA7C88 /* Release */ = {
			isa = XCBuildConfiguration;
			buildSettings = {
				ALWAYS_EMBED_SWIFT_STANDARD_LIBRARIES = YES;
				BUNDLE_LOADER = "$(TEST_HOST)";
				CODE_SIGN_STYLE = Automatic;
				CURRENT_PROJECT_VERSION = 1;
				GENERATE_INFOPLIST_FILE = YES;
				IPHONEOS_DEPLOYMENT_TARGET = 16.4;
				MARKETING_VERSION = 1.0;
				PRODUCT_BUNDLE_IDENTIFIER = "jaeminiman.dramatic-rehabTests";
				PRODUCT_NAME = "$(TARGET_NAME)";
				SWIFT_EMIT_LOC_STRINGS = NO;
				SWIFT_VERSION = 5.0;
				TARGETED_DEVICE_FAMILY = "1,2";
				TEST_HOST = "$(BUILT_PRODUCTS_DIR)/dramatic rehab.app/$(BUNDLE_EXECUTABLE_FOLDER_PATH)/dramatic rehab";
			};
			name = Release;
		};
		46A0AF382A383E5600AA7C88 /* Debug */ = {
			isa = XCBuildConfiguration;
			buildSettings = {
				ALWAYS_EMBED_SWIFT_STANDARD_LIBRARIES = YES;
				CODE_SIGN_STYLE = Automatic;
				CURRENT_PROJECT_VERSION = 1;
				GENERATE_INFOPLIST_FILE = YES;
				MARKETING_VERSION = 1.0;
				PRODUCT_BUNDLE_IDENTIFIER = "jaeminiman.dramatic-rehabUITests";
				PRODUCT_NAME = "$(TARGET_NAME)";
				SWIFT_EMIT_LOC_STRINGS = NO;
				SWIFT_VERSION = 5.0;
				TARGETED_DEVICE_FAMILY = "1,2";
				TEST_TARGET_NAME = "dramatic rehab";
			};
			name = Debug;
		};
		46A0AF392A383E5600AA7C88 /* Release */ = {
			isa = XCBuildConfiguration;
			buildSettings = {
				ALWAYS_EMBED_SWIFT_STANDARD_LIBRARIES = YES;
				CODE_SIGN_STYLE = Automatic;
				CURRENT_PROJECT_VERSION = 1;
				GENERATE_INFOPLIST_FILE = YES;
				MARKETING_VERSION = 1.0;
				PRODUCT_BUNDLE_IDENTIFIER = "jaeminiman.dramatic-rehabUITests";
				PRODUCT_NAME = "$(TARGET_NAME)";
				SWIFT_EMIT_LOC_STRINGS = NO;
				SWIFT_VERSION = 5.0;
				TARGETED_DEVICE_FAMILY = "1,2";
				TEST_TARGET_NAME = "dramatic rehab";
			};
			name = Release;
		};
/* End XCBuildConfiguration section */

/* Begin XCConfigurationList section */
		46A0AF082A383E5500AA7C88 /* Build configuration list for PBXProject "dramatic rehab" */ = {
			isa = XCConfigurationList;
			buildConfigurations = (
				46A0AF2F2A383E5600AA7C88 /* Debug */,
				46A0AF302A383E5600AA7C88 /* Release */,
			);
			defaultConfigurationIsVisible = 0;
			defaultConfigurationName = Release;
		};
		46A0AF312A383E5600AA7C88 /* Build configuration list for PBXNativeTarget "dramatic rehab" */ = {
			isa = XCConfigurationList;
			buildConfigurations = (
				46A0AF322A383E5600AA7C88 /* Debug */,
				46A0AF332A383E5600AA7C88 /* Release */,
			);
			defaultConfigurationIsVisible = 0;
			defaultConfigurationName = Release;
		};
		46A0AF342A383E5600AA7C88 /* Build configuration list for PBXNativeTarget "dramatic rehabTests" */ = {
			isa = XCConfigurationList;
			buildConfigurations = (
				46A0AF352A383E5600AA7C88 /* Debug */,
				46A0AF362A383E5600AA7C88 /* Release */,
			);
			defaultConfigurationIsVisible = 0;
			defaultConfigurationName = Release;
		};
		46A0AF372A383E5600AA7C88 /* Build configuration list for PBXNativeTarget "dramatic rehabUITests" */ = {
			isa = XCConfigurationList;
			buildConfigurations = (
				46A0AF382A383E5600AA7C88 /* Debug */,
				46A0AF392A383E5600AA7C88 /* Release */,
			);
			defaultConfigurationIsVisible = 0;
			defaultConfigurationName = Release;
		};
/* End XCConfigurationList section */
	};
	rootObject = 46A0AF052A383E5500AA7C88 /* Project object */;
}
